PODS:
  - AFNetworking (3.2.1):
    - AFNetworking/NSURLSession (= 3.2.1)
    - AFNetworking/Reachability (= 3.2.1)
    - AFNetworking/Security (= 3.2.1)
    - AFNetworking/Serialization (= 3.2.1)
    - AFNetworking/UIKit (= 3.2.1)
  - AFNetworking/NSURLSession (3.2.1):
    - AFNetworking/Reachability
    - AFNetworking/Security
    - AFNetworking/Serialization
  - AFNetworking/Reachability (3.2.1)
  - AFNetworking/Security (3.2.1)
  - AFNetworking/Serialization (3.2.1)
  - AFNetworking/UIKit (3.2.1):
    - AFNetworking/NSURLSession
  - KKJSBridge (1.1.5-beta9):
    - KKJSBridge/AjaxProtocolHook (= 1.1.5-beta9)
  - KKJSBridge/AjaxProtocolHook (1.1.5-beta9):
    - KKJSBridge/Core
  - KKJSBridge/Core (1.1.5-beta9)

DEPENDENCIES:
  - AFNetworking
  - KKJSBridge (from `../`)

SPEC REPOS:
  https://github.com/CocoaPods/Specs.git:
    - AFNetworking

EXTERNAL SOURCES:
  KKJSBridge:
    :path: "../"

SPEC CHECKSUMS:
  AFNetworking: b6f891fdfaed196b46c7a83cf209e09697b94057
  KKJSBridge: ffbd1e9ff086022dc9125ab3e0dfbd6f64913934

PODFILE CHECKSUM: c4b40822393b875c8702d6aa8cae9ea39431fc37

COCOAPODS: 1.9.1
