PODS:
  - AFNetworking (3.2.1):
    - AFNetworking/NSURLSession (= 3.2.1)
    - AFNetworking/Reachability (= 3.2.1)
    - AFNetworking/Security (= 3.2.1)
    - AFNetworking/Serialization (= 3.2.1)
    - AFNetworking/UIKit (= 3.2.1)
  - AFNetworking/NSURLSession (3.2.1):
    - AFNetworking/Reachability
    - AFNetworking/Security
    - AFNetworking/Serialization
  - AFNetworking/Reachability (3.2.1)
  - AFNetworking/Security (3.2.1)
  - AFNetworking/Serialization (3.2.1)
  - AFNetworking/UIKit (3.2.1):
    - AFNetworking/NSURLSession
  - KKJSBridge (1.1.5-beta6):
    - KKJSBridge/AjaxProtocolHook (= 1.1.5-beta6)
  - KKJSBridge/AjaxProtocolHook (1.1.5-beta6):
    - KKJSBridge/Core
  - KKJSBridge/Core (1.1.5-beta6)

DEPENDENCIES:
  - AFNetworking
  - KKJSBridge (from `../`)

SPEC REPOS:
  https://github.com/CocoaPods/Specs.git:
    - AFNetworking

EXTERNAL SOURCES:
  KKJSBridge:
    :path: "../"

SPEC CHECKSUMS:
  AFNetworking: b6f891fdfaed196b46c7a83cf209e09697b94057
  KKJSBridge: 87401d74fbf839ed588d29ccc8f97f61d3def503

PODFILE CHECKSUM: cb790ca7d841e6c617de93aaa6acb511ed9b1251

COCOAPODS: 1.9.1
